// !$*UTF8*$!
{
	archiveVersion = 1;
	classes = {
	};
	objectVersion = 77;
	objects = {

/* Begin PBXContainerItemProxy section */
		17CC5E252EE010A60056C2D0 /* PBXContainerItemProxy */ = {
			isa = PBXContainerItemProxy;
			containerPortal = 17CC5E0F2EE010A50056C2D0 /* Project object */;
			proxyType = 1;
			remoteGlobalIDString = 17CC5E162EE010A50056C2D0;
			remoteInfo = Saxopedia;
		};
		17CC5E2F2EE010A60056C2D0 /* PBXContainerItemProxy */ = {
			isa = PBXContainerItemProxy;
			containerPortal = 17CC5E0F2EE010A50056C2D0 /* Project object */;
			proxyType = 1;
			remoteGlobalIDString = 17CC5E162EE010A50056C2D0;
			remoteInfo = Saxopedia;
		};
/* End PBXContainerItemProxy section */

/* Begin PBXFileReference section */
		17CC5E172EE010A50056C2D0 /* Saxopedia.app */ = {isa = PBXFileReference; explicitFileType = wrapper.application; includeInIndex = 0; path = Saxopedia.app; sourceTree = BUILT_PRODUCTS_DIR; };
		17CC5E242EE010A60056C2D0 /* SaxopediaTests.xctest */ = {isa = PBXFileReference; explicitFileType = wrapper.cfbundle; includeInIndex = 0; path = SaxopediaTests.xctest; sourceTree = BUILT_PRODUCTS_DIR; };
		17CC5E2E2EE010A60056C2D0 /* SaxopediaUITests.xctest */ = {isa = PBXFileReference; explicitFileType = wrapper.cfbundle; includeInIndex = 0; path = SaxopediaUITests.xctest; sourceTree = BUILT_PRODUCTS_DIR; };
/* End PBXFileReference section */

/* Begin PBXFileSystemSynchronizedRootGroup section */
		17CC5E192EE010A50056C2D0 /* Saxopedia */ = {
			isa = PBXFileSystemSynchronizedRootGroup;
			path = Saxopedia;
			sourceTree = "<group>";
		};
		17CC5E272EE010A60056C2D0 /* SaxopediaTests */ = {
			isa = PBXFileSystemSynchronizedRootGroup;
			path = SaxopediaTests;
			sourceTree = "<group>";
		};
		17CC5E312EE010A60056C2D0 /* SaxopediaUITests */ = {
			isa = PBXFileSystemSynchronizedRootGroup;
			path = SaxopediaUITests;
			sourceTree = "<group>";
		};
/* End PBXFileSystemSynchronizedRootGroup section */

/* Begin PBXFrameworksBuildPhase section */
		17CC5E142EE010A50056C2D0 /* Frameworks */ = {
			isa = PBXFrameworksBuildPhase;
			buildActionMask = 2147483647;
			files = (
			);
			runOnlyForDeploymentPostprocessing = 0;
		};
		17CC5E212EE010A60056C2D0 /* Frameworks */ = {
			isa = PBXFrameworksBuildPhase;
			buildActionMask = 2147483647;
			files = (
			);
			runOnlyForDeploymentPostprocessing = 0;
		};
		17CC5E2B2EE010A60056C2D0 /* Frameworks */ = {
			isa = PBXFrameworksBuildPhase;
			buildActionMask = 2147483647;
			files = (
			);
			runOnlyForDeploymentPostprocessing = 0;
		};
/* End PBXFrameworksBuildPhase section */

/* Begin PBXGroup section */
		17CC5E0E2EE010A50056C2D0 = {
			isa = PBXGroup;
			children = (
				17CC5E192EE010A50056C2D0 /* Saxopedia */,
				17CC5E272EE010A60056C2D0 /* SaxopediaTests */,
				17CC5E312EE010A60056C2D0 /* SaxopediaUITests */,
				17CC5E182EE010A50056C2D0 /* Products */,
			);
			sourceTree = "<group>";
		};
		17CC5E182EE010A50056C2D0 /* Products */ = {
			isa = PBXGroup;
			children = (
				17CC5E172EE010A50056C2D0 /* Saxopedia.app */,
				17CC5E242EE010A60056C2D0 /* SaxopediaTests.xctest */,
				17CC5E2E2EE010A60056C2D0 /* SaxopediaUITests.xctest */,
			);
			name = Products;
			sourceTree = "<group>";
		};
/* End PBXGroup section */

/* Begin PBXNativeTarget section */
		17CC5E162EE010A50056C2D0 /* Saxopedia */ = {
			isa = PBXNativeTarget;
			buildConfigurationList = 17CC5E382EE010A60056C2D0 /* Build configuration list for PBXNativeTarget "Saxopedia" */;
			buildPhases = (
				17CC5E132EE010A50056C2D0 /* Sources */,
				17CC5E142EE010A50056C2D0 /* Frameworks */,
				17CC5E152EE010A50056C2D0 /* Resources */,
			);
			buildRules = (
			);
			dependencies = (
			);
			fileSystemSynchronizedGroups = (
				17CC5E192EE010A50056C2D0 /* Saxopedia */,
			);
			name = Saxopedia;
			packageProductDependencies = (
			);
			productName = Saxopedia;
			productReference = 17CC5E172EE010A50056C2D0 /* Saxopedia.app */;
			productType = "com.apple.product-type.application";
		};
		17CC5E232EE010A60056C2D0 /* SaxopediaTests */ = {
			isa = PBXNativeTarget;
			buildConfigurationList = 17CC5E3B2EE010A60056C2D0 /* Build configuration list for PBXNativeTarget "SaxopediaTests" */;
			buildPhases = (
				17CC5E202EE010A60056C2D0 /* Sources */,
				17CC5E212EE010A60056C2D0 /* Frameworks */,
				17CC5E222EE010A60056C2D0 /* Resources */,
			);
			buildRules = (
			);
			dependencies = (
				17CC5E262EE010A60056C2D0 /* PBXTargetDependency */,
			);
			fileSystemSynchronizedGroups = (
				17CC5E272EE010A60056C2D0 /* SaxopediaTests */,
			);
			name = SaxopediaTests;
			packageProductDependencies = (
			);
			productName = SaxopediaTests;
			productReference = 17CC5E242EE010A60056C2D0 /* SaxopediaTests.xctest */;
			productType = "com.apple.product-type.bundle.unit-test";
		};
		17CC5E2D2EE010A60056C2D0 /* SaxopediaUITests */ = {
			isa = PBXNativeTarget;
			buildConfigurationList = 17CC5E3E2EE010A60056C2D0 /* Build configuration list for PBXNativeTarget "SaxopediaUITests" */;
			buildPhases = (
				17CC5E2A2EE010A60056C2D0 /* Sources */,
				17CC5E2B2EE010A60056C2D0 /* Frameworks */,
				17CC5E2C2EE010A60056C2D0 /* Resources */,
			);
			buildRules = (
			);
			dependencies = (
				17CC5E302EE010A60056C2D0 /* PBXTargetDependency */,
			);
			fileSystemSynchronizedGroups = (
				17CC5E312EE010A60056C2D0 /* SaxopediaUITests */,
			);
			name = SaxopediaUITests;
			packageProductDependencies = (
			);
			productName = SaxopediaUITests;
			productReference = 17CC5E2E2EE010A60056C2D0 /* SaxopediaUITests.xctest */;
			productType = "com.apple.product-type.bundle.ui-testing";
		};
/* End PBXNativeTarget section */

/* Begin PBXProject section */
		17CC5E0F2EE010A50056C2D0 /* Project object */ = {
			isa = PBXProject;
			attributes = {
				BuildIndependentTargetsInParallel = 1;
				LastSwiftUpdateCheck = 1640;
				LastUpgradeCheck = 1640;
				TargetAttributes = {
					17CC5E162EE010A50056C2D0 = {
						CreatedOnToolsVersion = 16.4;
					};
					17CC5E232EE010A60056C2D0 = {
						CreatedOnToolsVersion = 16.4;
						TestTargetID = 17CC5E162EE010A50056C2D0;
					};
					17CC5E2D2EE010A60056C2D0 = {
						CreatedOnToolsVersion = 16.4;
						TestTargetID = 17CC5E162EE010A50056C2D0;
					};
				};
			};
			buildConfigurationList = 17CC5E122EE010A50056C2D0 /* Build configuration list for PBXProject "Saxopedia" */;
			developmentRegion = en;
			hasScannedForEncodings = 0;
			knownRegions = (
				en,
				Base,
			);
			mainGroup = 17CC5E0E2EE010A50056C2D0;
			minimizedProjectReferenceProxies = 1;
			preferredProjectObjectVersion = 77;
			productRefGroup = 17CC5E182EE010A50056C2D0 /* Products */;
			projectDirPath = "";
			projectRoot = "";
			targets = (
				17CC5E162EE010A50056C2D0 /* Saxopedia */,
				17CC5E232EE010A60056C2D0 /* SaxopediaTests */,
				17CC5E2D2EE010A60056C2D0 /* SaxopediaUITests */,
			);
		};
/* End PBXProject section */

/* Begin PBXResourcesBuildPhase section */
		17CC5E152EE010A50056C2D0 /* Resources */ = {
			isa = PBXResourcesBuildPhase;
			buildActionMask = 2147483647;
			files = (
			);
			runOnlyForDeploymentPostprocessing = 0;
		};
		17CC5E222EE010A60056C2D0 /* Resources */ = {
			isa = PBXResourcesBuildPhase;
			buildActionMask = 2147483647;
			files = (
			);
			runOnlyForDeploymentPostprocessing = 0;
		};
		17CC5E2C2EE010A60056C2D0 /* Resources */ = {
			isa = PBXResourcesBuildPhase;
			buildActionMask = 2147483647;
			files = (
			);
			runOnlyForDeploymentPostprocessing = 0;
		};
/* End PBXResourcesBuildPhase section */

/* Begin PBXSourcesBuildPhase section */
		17CC5E132EE010A50056C2D0 /* Sources */ = {
			isa = PBXSourcesBuildPhase;
			buildActionMask = 2147483647;
			files = (
			);
			runOnlyForDeploymentPostprocessing = 0;
		};
		17CC5E202EE010A60056C2D0 /* Sources */ = {
			isa = PBXSourcesBuildPhase;
			buildActionMask = 2147483647;
			files = (
			);
			runOnlyForDeploymentPostprocessing = 0;
		};
		17CC5E2A2EE010A60056C2D0 /* Sources */ = {
			isa = PBXSourcesBuildPhase;
			buildActionMask = 2147483647;
			files = (
			);
			runOnlyForDeploymentPostprocessing = 0;
		};
/* End PBXSourcesBuildPhase section */

/* Begin PBXTargetDependency section */
		17CC5E262EE010A60056C2D0 /* PBXTargetDependency */ = {
			isa = PBXTargetDependency;
			target = 17CC5E162EE010A50056C2D0 /* Saxopedia */;
			targetProxy = 17CC5E252EE010A60056C2D0 /* PBXContainerItemProxy */;
		};
		17CC5E302EE010A60056C2D0 /* PBXTargetDependency */ = {
			isa = PBXTargetDependency;
			target = 17CC5E162EE010A50056C2D0 /* Saxopedia */;
			targetProxy = 17CC5E2F2EE010A60056C2D0 /* PBXContainerItemProxy */;
		};
/* End PBXTargetDependency section */

/* Begin XCBuildConfiguration section */
		17CC5E362EE010A60056C2D0 /* Debug */ = {
			isa = XCBuildConfiguration;
			buildSettings = {
				ALWAYS_SEARCH_USER_PATHS = NO;
				ASSETCATALOG_COMPILER_GENERATE_SWIFT_ASSET_SYMBOL_EXTENSIONS = YES;
				CLANG_ANALYZER_NONNULL = YES;
				CLANG_ANALYZER_NUMBER_OBJECT_CONVERSION = YES_AGGRESSIVE;
				CLANG_CXX_LANGUAGE_STANDARD = "gnu++20";
				CLANG_ENABLE_MODULES = YES;
				CLANG_ENABLE_OBJC_ARC = YES;
				CLANG_ENABLE_OBJC_WEAK = YES;
				CLANG_WARN_BLOCK_CAPTURE_AUTORELEASING = YES;
				CLANG_WARN_BOOL_CONVERSION = YES;
				CLANG_WARN_COMMA = YES;
				CLANG_WARN_CONSTANT_CONVERSION = YES;
				CLANG_WARN_DEPRECATED_OBJC_IMPLEMENTATIONS = YES;
				CLANG_WARN_DIRECT_OBJC_ISA_USAGE = YES_ERROR;
				CLANG_WARN_DOCUMENTATION_COMMENTS = YES;
				CLANG_WARN_EMPTY_BODY = YES;
				CLANG_WARN_ENUM_CONVERSION = YES;
				CLANG_WARN_INFINITE_RECURSION = YES;
				CLANG_WARN_INT_CONVERSION = YES;
				CLANG_WARN_NON_LITERAL_NULL_CONVERSION = YES;
				CLANG_WARN_OBJC_IMPLICIT_RETAIN_SELF = YES;
				CLANG_WARN_OBJC_LITERAL_CONVERSION = YES;
				CLANG_WARN_OBJC_ROOT_CLASS = YES_ERROR;
				CLANG_WARN_QUOTED_INCLUDE_IN_FRAMEWORK_HEADER = YES;
				CLANG_WARN_RANGE_LOOP_ANALYSIS = YES;
				CLANG_WARN_STRICT_PROTOTYPES = YES;
				CLANG_WARN_SUSPICIOUS_MOVE = YES;
				CLANG_WARN_UNGUARDED_AVAILABILITY = YES_AGGRESSIVE;
				CLANG_WARN_UNREACHABLE_CODE = YES;
				CLANG_WARN__DUPLICATE_METHOD_MATCH = YES;
				COPY_PHASE_STRIP = NO;
				DEBUG_INFORMATION_FORMAT = dwarf;
				ENABLE_STRICT_OBJC_MSGSEND = YES;
				ENABLE_TESTABILITY = YES;
				ENABLE_USER_SCRIPT_SANDBOXING = YES;
				GCC_C_LANGUAGE_STANDARD = gnu17;
				GCC_DYNAMIC_NO_PIC = NO;
				GCC_NO_COMMON_BLOCKS = YES;
				GCC_OPTIMIZATION_LEVEL = 0;
				GCC_PREPROCESSOR_DEFINITIONS = (
					"DEBUG=1",
					"$(inherited)",
				);
				GCC_WARN_64_TO_32_BIT_CONVERSION = YES;
				GCC_WARN_ABOUT_RETURN_TYPE = YES_ERROR;
				GCC_WARN_UNDECLARED_SELECTOR = YES;
				GCC_WARN_UNINITIALIZED_AUTOS = YES_AGGRESSIVE;
				GCC_WARN_UNUSED_FUNCTION = YES;
				GCC_WARN_UNUSED_VARIABLE = YES;
				IPHONEOS_DEPLOYMENT_TARGET = 18.5;
				LOCALIZATION_PREFERS_STRING_CATALOGS = YES;
				MTL_ENABLE_DEBUG_INFO = INCLUDE_SOURCE;
				MTL_FAST_MATH = YES;
				ONLY_ACTIVE_ARCH = YES;
				SDKROOT = iphoneos;
				SWIFT_ACTIVE_COMPILATION_CONDITIONS = "DEBUG $(inherited)";
				SWIFT_OPTIMIZATION_LEVEL = "-Onone";
			};
			name = Debug;
		};
		17CC5E372EE010A60056C2D0 /* Release */ = {
			isa = XCBuildConfiguration;
			buildSettings = {
				ALWAYS_SEARCH_USER_PATHS = NO;
				ASSETCATALOG_COMPILER_GENERATE_SWIFT_ASSET_SYMBOL_EXTENSIONS = YES;
				CLANG_ANALYZER_NONNULL = YES;
				CLANG_ANALYZER_NUMBER_OBJECT_CONVERSION = YES_AGGRESSIVE;
				CLANG_CXX_LANGUAGE_STANDARD = "gnu++20";
				CLANG_ENABLE_MODULES = YES;
				CLANG_ENABLE_OBJC_ARC = YES;
				CLANG_ENABLE_OBJC_WEAK = YES;
				CLANG_WARN_BLOCK_CAPTURE_AUTORELEASING = YES;
				CLANG_WARN_BOOL_CONVERSION = YES;
				CLANG_WARN_COMMA = YES;
				CLANG_WARN_CONSTANT_CONVERSION = YES;
				CLANG_WARN_DEPRECATED_OBJC_IMPLEMENTATIONS = YES;
				CLANG_WARN_DIRECT_OBJC_ISA_USAGE = YES_ERROR;
				CLANG_WARN_DOCUMENTATION_COMMENTS = YES;
				CLANG_WARN_EMPTY_BODY = YES;
				CLANG_WARN_ENUM_CONVERSION = YES;
				CLANG_WARN_INFINITE_RECURSION = YES;
				CLANG_WARN_INT_CONVERSION = YES;
				CLANG_WARN_NON_LITERAL_NULL_CONVERSION = YES;
				CLANG_WARN_OBJC_IMPLICIT_RETAIN_SELF = YES;
				CLANG_WARN_OBJC_LITERAL_CONVERSION = YES;
				CLANG_WARN_OBJC_ROOT_CLASS = YES_ERROR;
				CLANG_WARN_QUOTED_INCLUDE_IN_FRAMEWORK_HEADER = YES;
				CLANG_WARN_RANGE_LOOP_ANALYSIS = YES;
				CLANG_WARN_STRICT_PROTOTYPES = YES;
				CLANG_WARN_SUSPICIOUS_MOVE = YES;
				CLANG_WARN_UNGUARDED_AVAILABILITY = YES_AGGRESSIVE;
				CLANG_WARN_UNREACHABLE_CODE = YES;
				CLANG_WARN__DUPLICATE_METHOD_MATCH = YES;
				COPY_PHASE_STRIP = NO;
				DEBUG_INFORMATION_FORMAT = "dwarf-with-dsym";
				ENABLE_NS_ASSERTIONS = NO;
				ENABLE_STRICT_OBJC_MSGSEND = YES;
				ENABLE_USER_SCRIPT_SANDBOXING = YES;
				GCC_C_LANGUAGE_STANDARD = gnu17;
				GCC_NO_COMMON_BLOCKS = YES;
				GCC_WARN_64_TO_32_BIT_CONVERSION = YES;
				GCC_WARN_ABOUT_RETURN_TYPE = YES_ERROR;
				GCC_WARN_UNDECLARED_SELECTOR = YES;
				GCC_WARN_UNINITIALIZED_AUTOS = YES_AGGRESSIVE;
				GCC_WARN_UNUSED_FUNCTION = YES;
				GCC_WARN_UNUSED_VARIABLE = YES;
				IPHONEOS_DEPLOYMENT_TARGET = 18.5;
				LOCALIZATION_PREFERS_STRING_CATALOGS = YES;
				MTL_ENABLE_DEBUG_INFO = NO;
				MTL_FAST_MATH = YES;
				SDKROOT = iphoneos;
				SWIFT_COMPILATION_MODE = wholemodule;
				VALIDATE_PRODUCT = YES;
			};
			name = Release;
		};
		17CC5E392EE010A60056C2D0 /* Debug */ = {
			isa = XCBuildConfiguration;
			buildSettings = {
				ASSETCATALOG_COMPILER_APPICON_NAME = AppIcon;
				ASSETCATALOG_COMPILER_GLOBAL_ACCENT_COLOR_NAME = AccentColor;
				CODE_SIGN_STYLE = Automatic;
				CURRENT_PROJECT_VERSION = 1;
				ENABLE_PREVIEWS = YES;
				GENERATE_INFOPLIST_FILE = YES;
				INFOPLIST_KEY_UIApplicationSceneManifest_Generation = YES;
				INFOPLIST_KEY_UIApplicationSupportsIndirectInputEvents = YES;
				INFOPLIST_KEY_UILaunchScreen_Generation = YES;
				INFOPLIST_KEY_UISupportedInterfaceOrientations_iPad = "UIInterfaceOrientationPortrait UIInterfaceOrientationPortraitUpsideDown UIInterfaceOrientationLandscapeLeft UIInterfaceOrientationLandscapeRight";
				INFOPLIST_KEY_UISupportedInterfaceOrientations_iPhone = "UIInterfaceOrientationPortrait UIInterfaceOrientationLandscapeLeft UIInterfaceOrientationLandscapeRight";
				LD_RUNPATH_SEARCH_PATHS = (
					"$(inherited)",
					"@executable_path/Frameworks",
				);
				MARKETING_VERSION = 1.0;
				PRODUCT_BUNDLE_IDENTIFIER = gsarangi.Saxopedia;
				PRODUCT_NAME = "$(TARGET_NAME)";
				SWIFT_EMIT_LOC_STRINGS = YES;
				SWIFT_VERSION = 5.0;
				TARGETED_DEVICE_FAMILY = "1,2";
			};
			name = Debug;
		};
		17CC5E3A2EE010A60056C2D0 /* Release */ = {
			isa = XCBuildConfiguration;
			buildSettings = {
				ASSETCATALOG_COMPILER_APPICON_NAME = AppIcon;
				ASSETCATALOG_COMPILER_GLOBAL_ACCENT_COLOR_NAME = AccentColor;
				CODE_SIGN_STYLE = Automatic;
				CURRENT_PROJECT_VERSION = 1;
				ENABLE_PREVIEWS = YES;
				GENERATE_INFOPLIST_FILE = YES;
				INFOPLIST_KEY_UIApplicationSceneManifest_Generation = YES;
				INFOPLIST_KEY_UIApplicationSupportsIndirectInputEvents = YES;
				INFOPLIST_KEY_UILaunchScreen_Generation = YES;
				INFOPLIST_KEY_UISupportedInterfaceOrientations_iPad = "UIInterfaceOrientationPortrait UIInterfaceOrientationPortraitUpsideDown UIInterfaceOrientationLandscapeLeft UIInterfaceOrientationLandscapeRight";
				INFOPLIST_KEY_UISupportedInterfaceOrientations_iPhone = "UIInterfaceOrientationPortrait UIInterfaceOrientationLandscapeLeft UIInterfaceOrientationLandscapeRight";
				LD_RUNPATH_SEARCH_PATHS = (
					"$(inherited)",
					"@executable_path/Frameworks",
				);
				MARKETING_VERSION = 1.0;
				PRODUCT_BUNDLE_IDENTIFIER = gsarangi.Saxopedia;
				PRODUCT_NAME = "$(TARGET_NAME)";
				SWIFT_EMIT_LOC_STRINGS = YES;
				SWIFT_VERSION = 5.0;
				TARGETED_DEVICE_FAMILY = "1,2";
			};
			name = Release;
		};
		17CC5E3C2EE010A60056C2D0 /* Debug */ = {
			isa = XCBuildConfiguration;
			buildSettings = {
				BUNDLE_LOADER = "$(TEST_HOST)";
				CODE_SIGN_STYLE = Automatic;
				CURRENT_PROJECT_VERSION = 1;
				GENERATE_INFOPLIST_FILE = YES;
				IPHONEOS_DEPLOYMENT_TARGET = 18.5;
				MARKETING_VERSION = 1.0;
				PRODUCT_BUNDLE_IDENTIFIER = gsarangi.SaxopediaTests;
				PRODUCT_NAME = "$(TARGET_NAME)";
				SWIFT_EMIT_LOC_STRINGS = NO;
				SWIFT_VERSION = 5.0;
				TARGETED_DEVICE_FAMILY = "1,2";
				TEST_HOST = "$(BUILT_PRODUCTS_DIR)/Saxopedia.app/$(BUNDLE_EXECUTABLE_FOLDER_PATH)/Saxopedia";
			};
			name = Debug;
		};
		17CC5E3D2EE010A60056C2D0 /* Release */ = {
			isa = XCBuildConfiguration;
			buildSettings = {
				BUNDLE_LOADER = "$(TEST_HOST)";
				CODE_SIGN_STYLE = Automatic;
				CURRENT_PROJECT_VERSION = 1;
				GENERATE_INFOPLIST_FILE = YES;
				IPHONEOS_DEPLOYMENT_TARGET = 18.5;
				MARKETING_VERSION = 1.0;
				PRODUCT_BUNDLE_IDENTIFIER = gsarangi.SaxopediaTests;
				PRODUCT_NAME = "$(TARGET_NAME)";
				SWIFT_EMIT_LOC_STRINGS = NO;
				SWIFT_VERSION = 5.0;
				TARGETED_DEVICE_FAMILY = "1,2";
				TEST_HOST = "$(BUILT_PRODUCTS_DIR)/Saxopedia.app/$(BUNDLE_EXECUTABLE_FOLDER_PATH)/Saxopedia";
			};
			name = Release;
		};
		17CC5E3F2EE010A60056C2D0 /* Debug */ = {
			isa = XCBuildConfiguration;
			buildSettings = {
				CODE_SIGN_STYLE = Automatic;
				CURRENT_PROJECT_VERSION = 1;
				GENERATE_INFOPLIST_FILE = YES;
				MARKETING_VERSION = 1.0;
				PRODUCT_BUNDLE_IDENTIFIER = gsarangi.SaxopediaUITests;
				PRODUCT_NAME = "$(TARGET_NAME)";
				SWIFT_EMIT_LOC_STRINGS = NO;
				SWIFT_VERSION = 5.0;
				TARGETED_DEVICE_FAMILY = "1,2";
				TEST_TARGET_NAME = Saxopedia;
			};
			name = Debug;
		};
		17CC5E402EE010A60056C2D0 /* Release */ = {
			isa = XCBuildConfiguration;
			buildSettings = {
				CODE_SIGN_STYLE = Automatic;
				CURRENT_PROJECT_VERSION = 1;
				GENERATE_INFOPLIST_FILE = YES;
				MARKETING_VERSION = 1.0;
				PRODUCT_BUNDLE_IDENTIFIER = gsarangi.SaxopediaUITests;
				PRODUCT_NAME = "$(TARGET_NAME)";
				SWIFT_EMIT_LOC_STRINGS = NO;
				SWIFT_VERSION = 5.0;
				TARGETED_DEVICE_FAMILY = "1,2";
				TEST_TARGET_NAME = Saxopedia;
			};
			name = Release;
		};
/* End XCBuildConfiguration section */

/* Begin XCConfigurationList section */
		17CC5E122EE010A50056C2D0 /* Build configuration list for PBXProject "Saxopedia" */ = {
			isa = XCConfigurationList;
			buildConfigurations = (
				17CC5E362EE010A60056C2D0 /* Debug */,
				17CC5E372EE010A60056C2D0 /* Release */,
			);
			defaultConfigurationIsVisible = 0;
			defaultConfigurationName = Release;
		};
		17CC5E382EE010A60056C2D0 /* Build configuration list for PBXNativeTarget "Saxopedia" */ = {
			isa = XCConfigurationList;
			buildConfigurations = (
				17CC5E392EE010A60056C2D0 /* Debug */,
				17CC5E3A2EE010A60056C2D0 /* Release */,
			);
			defaultConfigurationIsVisible = 0;
			defaultConfigurationName = Release;
		};
		17CC5E3B2EE010A60056C2D0 /* Build configuration list for PBXNativeTarget "SaxopediaTests" */ = {
			isa = XCConfigurationList;
			buildConfigurations = (
				17CC5E3C2EE010A60056C2D0 /* Debug */,
				17CC5E3D2EE010A60056C2D0 /* Release */,
			);
			defaultConfigurationIsVisible = 0;
			defaultConfigurationName = Release;
		};
		17CC5E3E2EE010A60056C2D0 /* Build configuration list for PBXNativeTarget "SaxopediaUITests" */ = {
			isa = XCConfigurationList;
			buildConfigurations = (
				17CC5E3F2EE010A60056C2D0 /* Debug */,
				17CC5E402EE010A60056C2D0 /* Release */,
			);
			defaultConfigurationIsVisible = 0;
			defaultConfigurationName = Release;
		};
/* End XCConfigurationList section */
	};
	rootObject = 17CC5E0F2EE010A50056C2D0 /* Project object */;
}
